
Microsoft Visual Studio Solution File, Format Version 12.00
# Visual Studio Version 16
VisualStudioVersion = 16.0.31321.278
MinimumVisualStudioVersion = 10.0.40219.1
Project("{FAE04EC0-301F-11D3-BF4B-00C04F79EFBC}") = "Day5", "Day5.csproj", "{C7C472BE-1DDB-49D1-BFEE-ADD1252134F5}"
EndProject
Global
	GlobalSection(SolutionConfigurationPlatforms) = preSolution
		Debug|Any CPU = Debug|Any CPU
		Release|Any CPU = Release|Any CPU
	EndGlobalSection
	GlobalSection(ProjectConfigurationPlatforms) = postSolution
		{C7C472BE-1DDB-49D1-BFEE-ADD1252134F5}.Debug|Any CPU.ActiveCfg = Debug|Any CPU
		{C7C472BE-1DDB-49D1-BFEE-ADD1252134F5}.Debug|Any CPU.Build.0 = Debug|Any CPU
		{C7C472BE-1DDB-49D1-BFEE-ADD1252134F5}.Release|Any CPU.ActiveCfg = Release|Any CPU
		{C7C472BE-1DDB-49D1-BFEE-ADD1252134F5}.Release|Any CPU.Build.0 = Release|Any CPU
	EndGlobalSection
	GlobalSection(SolutionProperties) = preSolution
		HideSolutionNode = FALSE
	EndGlobalSection
	GlobalSection(ExtensibilityGlobals) = postSolution
		SolutionGuid = {595C8A99-8EB4-4F8C-967E-5C256AC88C24}
	EndGlobalSection
EndGlobal
